# This file is autogenerated, do not edit; changes may be undone by the next 'dep ensure'.


[[projects]]
  branch = "master"
  digest = "1:7672217448c87dc73a2b08d3ae27e5f1d119f9ee58867af621a71be8fc216d94"
  name = "github.com/BurntSushi/xgb"
  packages = [
    ".",
    "shm",
    "xinerama",
    "xproto"
  ]
  pruneopts = "UT"
  revision = "27f122750802c950b2c869a5b63dafcf590ced95"

[[projects]]
  digest = "1:63586c59c82d8dcfc402e55fcf316813102551bcd84b564ee0a851cdeab5ad11"
  name = "github.com/c-bata/go-prompt"
  packages = ["."]
  pruneopts = "UT"
  revision = "4b35da6de174f52d037dc6e9008772ef31990ed3"
  version = "v0.2.3"

[[projects]]
  branch = "master"
  digest = "1:4fb953e4f5a23e5f2f95b71d680d1c682d9d3517be85841d1d90e3d135844e56"
  name = "github.com/gen2brain/shm"
  packages = ["."]
  pruneopts = "UT"
  revision = "6c18ff7f8b90f16464293a114ffb31be502d54e5"

[[projects]]
  branch = "master"
  digest = "1:8f7ed11f1f9b1b2b87ee78e3669e4c13ff1ce729060663196b0695fad6298632"
  name = "github.com/kbinani/screenshot"
  packages = [
    ".",
    "internal/util",
    "internal/xwindow"
  ]
  pruneopts = "UT"
  revision = "14f7672ace56b53c600933ffb9bee6f8344e392e"

[[projects]]
  branch = "master"
  digest = "1:97b36d287896021d24409e5ccc6664ab36db914e8de5fd4c09d42a714b214bb9"
  name = "github.com/lxn/win"
  packages = ["."]
  pruneopts = "UT"
  revision = "6f00d814e89c2442495334cdd91bb6ff3003eeb7"

[[projects]]
  branch = "master"
  digest = "1:8d32e356ad534c49ce20e56b15f1cd0390408811e9b91cae591fbb9eddc9c65d"
  name = "github.com/matishsiao/goInfo"
  packages = ["."]
  pruneopts = "UT"
  revision = "617e6440957ee5591c8912e8b7e2f03a86298722"

[[projects]]
  digest = "1:c658e84ad3916da105a761660dcaeb01e63416c8ec7bc62256a9b411a05fcd67"
  name = "github.com/mattn/go-colorable"
  packages = ["."]
  pruneopts = "UT"
  revision = "167de6bfdfba052fa6b2d3664c8f5272e23c9072"
  version = "v0.0.9"

[[projects]]
  digest = "1:e150b5fafbd7607e2d638e4e5cf43aa4100124e5593385147b0a74e2733d8b0d"
  name = "github.com/mattn/go-isatty"
  packages = ["."]
  pruneopts = "UT"
  revision = "c2a7a6ca930a4cd0bc33a3f298eb71960732a3a7"
  version = "v0.0.7"

[[projects]]
  branch = "master"
  digest = "1:5e6d66b03ec2df7ce14d19ad75f35d189ae56d5169813fb20eca4d076d81d37e"
  name = "github.com/mattn/go-runewidth"
  packages = ["."]
  pruneopts = "UT"
  revision = "703b5e6b11ae25aeb2af9ebb5d5fdf8fa2575211"

[[projects]]
  branch = "master"
  digest = "1:98a150f4430d7ef0be5a86738ea2b235d30ecbe42b0ede346ed8b7e88202694b"
  name = "github.com/mattn/go-tty"
  packages = ["."]
  pruneopts = "UT"
  revision = "523744f0485951f2b177ecc932e7d0e865f8fc02"

[[projects]]
  branch = "master"
  digest = "1:fcb0de0dfbff6314fa0eb3672942d86054a713922b7c1bb0a690f59e6fe1ae3c"
  name = "github.com/pkg/term"
  packages = ["termios"]
  pruneopts = "UT"
  revision = "aa71e9d9e942418fbb97d80895dcea70efed297c"

[[projects]]
  branch = "master"
  digest = "1:ed12b66f91f04a5101a0f635bdfc99d6c56a9f0e10e1f7557922a2e8551ab55b"
  name = "golang.org/x/sys"
  packages = [
    "unix",
    "windows"
  ]
  pruneopts = "UT"
  revision = "61b9204099cb1bebc803c9ffb9b2d3acd9d457d9"

[solve-meta]
  analyzer-name = "dep"
  analyzer-version = 1
  input-imports = [
    "github.com/c-bata/go-prompt",
    "github.com/kbinani/screenshot",
    "github.com/matishsiao/goInfo"
  ]
  solver-name = "gps-cdcl"
  solver-version = 1
